// !$*UTF8*$!
{
	archiveVersion = 1;
	classes = {
	};
	objectVersion = 46;
	objects = {

/* Begin PBXBuildFile section */
		F6AE63D51C50197E0048D78D /* Main.storyboard in Resources */ = {isa = PBXBuildFile; fileRef = F6AE63D41C50197E0048D78D /* Main.storyboard */; };
		F6F2F2251C50173400E610DB /* AppDelegate.swift in Sources */ = {isa = PBXBuildFile; fileRef = F6F2F2241C50173400E610DB /* AppDelegate.swift */; };
		F6F2F2271C50173400E610DB /* ViewController.swift in Sources */ = {isa = PBXBuildFile; fileRef = F6F2F2261C50173400E610DB /* ViewController.swift */; };
		F6F2F22C1C50173400E610DB /* Assets.xcassets in Resources */ = {isa = PBXBuildFile; fileRef = F6F2F22B1C50173400E610DB /* Assets.xcassets */; };
		F6F2F22F1C50173400E610DB /* LaunchScreen.storyboard in Resources */ = {isa = PBXBuildFile; fileRef = F6F2F22D1C50173400E610DB /* LaunchScreen.storyboard */; };
		F6F2F2371C5017ED00E610DB /* NetworkController.swift in Sources */ = {isa = PBXBuildFile; fileRef = F6F2F2361C5017ED00E610DB /* NetworkController.swift */; };
/* End PBXBuildFile section */

/* Begin PBXFileReference section */
		F6AE63D41C50197E0048D78D /* Main.storyboard */ = {isa = PBXFileReference; fileEncoding = 4; lastKnownFileType = file.storyboard; path = Main.storyboard; sourceTree = "<group>"; };
		F6F2F2211C50173400E610DB /* MovieGyan.app */ = {isa = PBXFileReference; explicitFileType = wrapper.application; includeInIndex = 0; path = MovieGyan.app; sourceTree = BUILT_PRODUCTS_DIR; };
		F6F2F2241C50173400E610DB /* AppDelegate.swift */ = {isa = PBXFileReference; lastKnownFileType = sourcecode.swift; path = AppDelegate.swift; sourceTree = "<group>"; };
		F6F2F2261C50173400E610DB /* ViewController.swift */ = {isa = PBXFileReference; lastKnownFileType = sourcecode.swift; path = ViewController.swift; sourceTree = "<group>"; };
		F6F2F22B1C50173400E610DB /* Assets.xcassets */ = {isa = PBXFileReference; lastKnownFileType = folder.assetcatalog; path = Assets.xcassets; sourceTree = "<group>"; };
		F6F2F22E1C50173400E610DB /* Base */ = {isa = PBXFileReference; lastKnownFileType = file.storyboard; name = Base; path = Base.lproj/LaunchScreen.storyboard; sourceTree = "<group>"; };
		F6F2F2301C50173400E610DB /* Info.plist */ = {isa = PBXFileReference; lastKnownFileType = text.plist.xml; path = Info.plist; sourceTree = "<group>"; };
		F6F2F2361C5017ED00E610DB /* NetworkController.swift */ = {isa = PBXFileReference; fileEncoding = 4; lastKnownFileType = sourcecode.swift; name = NetworkController.swift; path = ../NetworkController.swift; sourceTree = "<group>"; };
/* End PBXFileReference section */

/* Begin PBXFrameworksBuildPhase section */
		F6F2F21E1C50173400E610DB /* Frameworks */ = {
			isa = PBXFrameworksBuildPhase;
			buildActionMask = 2147483647;
			files = (
			);
			runOnlyForDeploymentPostprocessing = 0;
		};
/* End PBXFrameworksBuildPhase section */

/* Begin PBXGroup section */
		F6F2F2181C50173400E610DB = {
			isa = PBXGroup;
			children = (
				F6F2F2231C50173400E610DB /* MovieGyan */,
				F6F2F2221C50173400E610DB /* Products */,
			);
			sourceTree = "<group>";
		};
		F6F2F2221C50173400E610DB /* Products */ = {
			isa = PBXGroup;
			children = (
				F6F2F2211C50173400E610DB /* MovieGyan.app */,
			);
			name = Products;
			sourceTree = "<group>";
		};
		F6F2F2231C50173400E610DB /* MovieGyan */ = {
			isa = PBXGroup;
			children = (
				F6F2F2361C5017ED00E610DB /* NetworkController.swift */,
				F6F2F2241C50173400E610DB /* AppDelegate.swift */,
				F6F2F2261C50173400E610DB /* ViewController.swift */,
				F6AE63D41C50197E0048D78D /* Main.storyboard */,
				F6F2F22B1C50173400E610DB /* Assets.xcassets */,
				F6F2F22D1C50173400E610DB /* LaunchScreen.storyboard */,
				F6F2F2301C50173400E610DB /* Info.plist */,
			);
			path = MovieGyan;
			sourceTree = "<group>";
		};
/* End PBXGroup section */

/* Begin PBXNativeTarget section */
		F6F2F2201C50173400E610DB /* MovieGyan */ = {
			isa = PBXNativeTarget;
			buildConfigurationList = F6F2F2331C50173400E610DB /* Build configuration list for PBXNativeTarget "MovieGyan" */;
			buildPhases = (
				F6F2F21D1C50173400E610DB /* Sources */,
				F6F2F21E1C50173400E610DB /* Frameworks */,
				F6F2F21F1C50173400E610DB /* Resources */,
			);
			buildRules = (
			);
			dependencies = (
			);
			name = MovieGyan;
			productName = MovieGyan;
			productReference = F6F2F2211C50173400E610DB /* MovieGyan.app */;
			productType = "com.apple.product-type.application";
		};
/* End PBXNativeTarget section */

/* Begin PBXProject section */
		F6F2F2191C50173400E610DB /* Project object */ = {
			isa = PBXProject;
			attributes = {
				LastSwiftUpdateCheck = 0710;
				LastUpgradeCheck = 0710;
				ORGANIZATIONNAME = mov;
				TargetAttributes = {
					F6F2F2201C50173400E610DB = {
						CreatedOnToolsVersion = 7.1.1;
					};
				};
			};
			buildConfigurationList = F6F2F21C1C50173400E610DB /* Build configuration list for PBXProject "MovieGyan" */;
			compatibilityVersion = "Xcode 3.2";
			developmentRegion = English;
			hasScannedForEncodings = 0;
			knownRegions = (
				en,
				Base,
			);
			mainGroup = F6F2F2181C50173400E610DB;
			productRefGroup = F6F2F2221C50173400E610DB /* Products */;
			projectDirPath = "";
			projectRoot = "";
			targets = (
				F6F2F2201C50173400E610DB /* MovieGyan */,
			);
		};
/* End PBXProject section */

/* Begin PBXResourcesBuildPhase section */
		F6F2F21F1C50173400E610DB /* Resources */ = {
			isa = PBXResourcesBuildPhase;
			buildActionMask = 2147483647;
			files = (
				F6F2F22F1C50173400E610DB /* LaunchScreen.storyboard in Resources */,
				F6F2F22C1C50173400E610DB /* Assets.xcassets in Resources */,
				F6AE63D51C50197E0048D78D /* Main.storyboard in Resources */,
			);
			runOnlyForDeploymentPostprocessing = 0;
		};
/* End PBXResourcesBuildPhase section */

/* Begin PBXSourcesBuildPhase section */
		F6F2F21D1C50173400E610DB /* Sources */ = {
			isa = PBXSourcesBuildPhase;
			buildActionMask = 2147483647;
			files = (
				F6F2F2271C50173400E610DB /* ViewController.swift in Sources */,
				F6F2F2251C50173400E610DB /* AppDelegate.swift in Sources */,
				F6F2F2371C5017ED00E610DB /* NetworkController.swift in Sources */,
			);
			runOnlyForDeploymentPostprocessing = 0;
		};
/* End PBXSourcesBuildPhase section */

/* Begin PBXVariantGroup section */
		F6F2F22D1C50173400E610DB /* LaunchScreen.storyboard */ = {
			isa = PBXVariantGroup;
			children = (
				F6F2F22E1C50173400E610DB /* Base */,
			);
			name = LaunchScreen.storyboard;
			sourceTree = "<group>";
		};
/* End PBXVariantGroup section */

/* Begin XCBuildConfiguration section */
		F6F2F2311C50173400E610DB /* Debug */ = {
			isa = XCBuildConfiguration;
			buildSettings = {
				ALWAYS_SEARCH_USER_PATHS = NO;
				CLANG_CXX_LANGUAGE_STANDARD = "gnu++0x";
				CLANG_CXX_LIBRARY = "libc++";
				CLANG_ENABLE_MODULES = YES;
				CLANG_ENABLE_OBJC_ARC = YES;
				CLANG_WARN_BOOL_CONVERSION = YES;
				CLANG_WARN_CONSTANT_CONVERSION = YES;
				CLANG_WARN_DIRECT_OBJC_ISA_USAGE = YES_ERROR;
				CLANG_WARN_EMPTY_BODY = YES;
				CLANG_WARN_ENUM_CONVERSION = YES;
				CLANG_WARN_INT_CONVERSION = YES;
				CLANG_WARN_OBJC_ROOT_CLASS = YES_ERROR;
				CLANG_WARN_UNREACHABLE_CODE = YES;
				CLANG_WARN__DUPLICATE_METHOD_MATCH = YES;
				"CODE_SIGN_IDENTITY[sdk=iphoneos*]" = "iPhone Developer";
				COPY_PHASE_STRIP = NO;
				DEBUG_INFORMATION_FORMAT = dwarf;
				ENABLE_STRICT_OBJC_MSGSEND = YES;
				ENABLE_TESTABILITY = YES;
				GCC_C_LANGUAGE_STANDARD = gnu99;
				GCC_DYNAMIC_NO_PIC = NO;
				GCC_NO_COMMON_BLOCKS = YES;
				GCC_OPTIMIZATION_LEVEL = 0;
				GCC_PREPROCESSOR_DEFINITIONS = (
					"DEBUG=1",
					"$(inherited)",
				);
				GCC_WARN_64_TO_32_BIT_CONVERSION = YES;
				GCC_WARN_ABOUT_RETURN_TYPE = YES_ERROR;
				GCC_WARN_UNDECLARED_SELECTOR = YES;
				GCC_WARN_UNINITIALIZED_AUTOS = YES_AGGRESSIVE;
				GCC_WARN_UNUSED_FUNCTION = YES;
				GCC_WARN_UNUSED_VARIABLE = YES;
				IPHONEOS_DEPLOYMENT_TARGET = 9.1;
				MTL_ENABLE_DEBUG_INFO = YES;
				ONLY_ACTIVE_ARCH = YES;
				SDKROOT = iphoneos;
				SWIFT_OPTIMIZATION_LEVEL = "-Onone";
				TARGETED_DEVICE_FAMILY = "1,2";
			};
			name = Debug;
		};
		F6F2F2321C50173400E610DB /* Release */ = {
			isa = XCBuildConfiguration;
			buildSettings = {
				ALWAYS_SEARCH_USER_PATHS = NO;
				CLANG_CXX_LANGUAGE_STANDARD = "gnu++0x";
				CLANG_CXX_LIBRARY = "libc++";
				CLANG_ENABLE_MODULES = YES;
				CLANG_ENABLE_OBJC_ARC = YES;
				CLANG_WARN_BOOL_CONVERSION = YES;
				CLANG_WARN_CONSTANT_CONVERSION = YES;
				CLANG_WARN_DIRECT_OBJC_ISA_USAGE = YES_ERROR;
				CLANG_WARN_EMPTY_BODY = YES;
				CLANG_WARN_ENUM_CONVERSION = YES;
				CLANG_WARN_INT_CONVERSION = YES;
				CLANG_WARN_OBJC_ROOT_CLASS = YES_ERROR;
				CLANG_WARN_UNREACHABLE_CODE = YES;
				CLANG_WARN__DUPLICATE_METHOD_MATCH = YES;
				"CODE_SIGN_IDENTITY[sdk=iphoneos*]" = "iPhone Developer";
				COPY_PHASE_STRIP = NO;
				DEBUG_INFORMATION_FORMAT = "dwarf-with-dsym";
				ENABLE_NS_ASSERTIONS = NO;
				ENABLE_STRICT_OBJC_MSGSEND = YES;
				GCC_C_LANGUAGE_STANDARD = gnu99;
				GCC_NO_COMMON_BLOCKS = YES;
				GCC_WARN_64_TO_32_BIT_CONVERSION = YES;
				GCC_WARN_ABOUT_RETURN_TYPE = YES_ERROR;
				GCC_WARN_UNDECLARED_SELECTOR = YES;
				GCC_WARN_UNINITIALIZED_AUTOS = YES_AGGRESSIVE;
				GCC_WARN_UNUSED_FUNCTION = YES;
				GCC_WARN_UNUSED_VARIABLE = YES;
				IPHONEOS_DEPLOYMENT_TARGET = 9.1;
				MTL_ENABLE_DEBUG_INFO = NO;
				SDKROOT = iphoneos;
				TARGETED_DEVICE_FAMILY = "1,2";
				VALIDATE_PRODUCT = YES;
			};
			name = Release;
		};
		F6F2F2341C50173400E610DB /* Debug */ = {
			isa = XCBuildConfiguration;
			buildSettings = {
				ASSETCATALOG_COMPILER_APPICON_NAME = AppIcon;
				INFOPLIST_FILE = MovieGyan/Info.plist;
				LD_RUNPATH_SEARCH_PATHS = "$(inherited) @executable_path/Frameworks";
				PRODUCT_BUNDLE_IDENTIFIER = edu.asu.msse.sgowdru.MovieGyan;
				PRODUCT_NAME = "$(TARGET_NAME)";
			};
			name = Debug;
		};
		F6F2F2351C50173400E610DB /* Release */ = {
			isa = XCBuildConfiguration;
			buildSettings = {
				ASSETCATALOG_COMPILER_APPICON_NAME = AppIcon;
				INFOPLIST_FILE = MovieGyan/Info.plist;
				LD_RUNPATH_SEARCH_PATHS = "$(inherited) @executable_path/Frameworks";
				PRODUCT_BUNDLE_IDENTIFIER = edu.asu.msse.sgowdru.MovieGyan;
				PRODUCT_NAME = "$(TARGET_NAME)";
			};
			name = Release;
		};
/* End XCBuildConfiguration section */

/* Begin XCConfigurationList section */
		F6F2F21C1C50173400E610DB /* Build configuration list for PBXProject "MovieGyan" */ = {
			isa = XCConfigurationList;
			buildConfigurations = (
				F6F2F2311C50173400E610DB /* Debug */,
				F6F2F2321C50173400E610DB /* Release */,
			);
			defaultConfigurationIsVisible = 0;
			defaultConfigurationName = Release;
		};
		F6F2F2331C50173400E610DB /* Build configuration list for PBXNativeTarget "MovieGyan" */ = {
			isa = XCConfigurationList;
			buildConfigurations = (
				F6F2F2341C50173400E610DB /* Debug */,
				F6F2F2351C50173400E610DB /* Release */,
			);
			defaultConfigurationIsVisible = 0;
			defaultConfigurationName = Release;
		};
/* End XCConfigurationList section */
	};
	rootObject = F6F2F2191C50173400E610DB /* Project object */;
}
